
Microsoft Visual Studio Solution File, Format Version 12.00
# Visual Studio Version 16
VisualStudioVersion = 16.0.29424.173
MinimumVisualStudioVersion = 10.0.40219.1
Project("{9A19103F-16F7-4668-BE54-9A1E7A4F7556}") = "AuthClient", "AuthClient\AuthClient.csproj", "{14BFED88-B8E6-4FCE-8A17-95E6C880E0BB}"
EndProject
Global
	GlobalSection(SolutionConfigurationPlatforms) = preSolution
		Debug|Any CPU = Debug|Any CPU
		Release|Any CPU = Release|Any CPU
	EndGlobalSection
	GlobalSection(ProjectConfigurationPlatforms) = postSolution
		{14BFED88-B8E6-4FCE-8A17-95E6C880E0BB}.Debug|Any CPU.ActiveCfg = Debug|Any CPU
		{14BFED88-B8E6-4FCE-8A17-95E6C880E0BB}.Debug|Any CPU.Build.0 = Debug|Any CPU
		{14BFED88-B8E6-4FCE-8A17-95E6C880E0BB}.Release|Any CPU.ActiveCfg = Release|Any CPU
		{14BFED88-B8E6-4FCE-8A17-95E6C880E0BB}.Release|Any CPU.Build.0 = Release|Any CPU
	EndGlobalSection
	GlobalSection(SolutionProperties) = preSolution
		HideSolutionNode = FALSE
	EndGlobalSection
	GlobalSection(ExtensibilityGlobals) = postSolution
		SolutionGuid = {B8899D1E-41BE-4996-87F8-3F71867FD714}
	EndGlobalSection
EndGlobal
